// !$*UTF8*$!
{
	archiveVersion = 1;
	classes = {
	};
	objectVersion = 46;
	objects = {

/* Begin PBXBuildFile section */
		104C40F91CAA01FA003B38C3 /* mapsViewController.swift in Sources */ = {isa = PBXBuildFile; fileRef = 104C40F81CAA01FA003B38C3 /* mapsViewController.swift */; };
		104C40FC1CAA0B6B003B38C3 /* pdfCampusMapViewController.swift in Sources */ = {isa = PBXBuildFile; fileRef = 104C40FB1CAA0B6B003B38C3 /* pdfCampusMapViewController.swift */; };
		104C40FE1CAA0C00003B38C3 /* campusMap.pdf in Resources */ = {isa = PBXBuildFile; fileRef = 104C40FD1CAA0C00003B38C3 /* campusMap.pdf */; };
		104C41011CAA105A003B38C3 /* libraryViewController.swift in Sources */ = {isa = PBXBuildFile; fileRef = 104C41001CAA105A003B38C3 /* libraryViewController.swift */; };
		10BCDA431CA9DE6900764884 /* AppDelegate.swift in Sources */ = {isa = PBXBuildFile; fileRef = 10BCDA421CA9DE6900764884 /* AppDelegate.swift */; };
		10BCDA451CA9DE6900764884 /* ViewController.swift in Sources */ = {isa = PBXBuildFile; fileRef = 10BCDA441CA9DE6900764884 /* ViewController.swift */; };
		10BCDA481CA9DE6900764884 /* Main.storyboard in Resources */ = {isa = PBXBuildFile; fileRef = 10BCDA461CA9DE6900764884 /* Main.storyboard */; };
		10BCDA4A1CA9DE6900764884 /* Assets.xcassets in Resources */ = {isa = PBXBuildFile; fileRef = 10BCDA491CA9DE6900764884 /* Assets.xcassets */; };
		10BCDA4D1CA9DE6900764884 /* LaunchScreen.storyboard in Resources */ = {isa = PBXBuildFile; fileRef = 10BCDA4B1CA9DE6900764884 /* LaunchScreen.storyboard */; };
/* End PBXBuildFile section */

/* Begin PBXFileReference section */
		104C40F81CAA01FA003B38C3 /* mapsViewController.swift */ = {isa = PBXFileReference; fileEncoding = 4; lastKnownFileType = sourcecode.swift; path = mapsViewController.swift; sourceTree = "<group>"; };
		104C40FB1CAA0B6B003B38C3 /* pdfCampusMapViewController.swift */ = {isa = PBXFileReference; fileEncoding = 4; lastKnownFileType = sourcecode.swift; path = pdfCampusMapViewController.swift; sourceTree = "<group>"; };
		104C40FD1CAA0C00003B38C3 /* campusMap.pdf */ = {isa = PBXFileReference; lastKnownFileType = image.pdf; path = campusMap.pdf; sourceTree = "<group>"; };
		104C41001CAA105A003B38C3 /* libraryViewController.swift */ = {isa = PBXFileReference; fileEncoding = 4; lastKnownFileType = sourcecode.swift; path = libraryViewController.swift; sourceTree = "<group>"; };
		10BCDA3F1CA9DE6900764884 /* SMC.app */ = {isa = PBXFileReference; explicitFileType = wrapper.application; includeInIndex = 0; path = SMC.app; sourceTree = BUILT_PRODUCTS_DIR; };
		10BCDA421CA9DE6900764884 /* AppDelegate.swift */ = {isa = PBXFileReference; lastKnownFileType = sourcecode.swift; path = AppDelegate.swift; sourceTree = "<group>"; };
		10BCDA441CA9DE6900764884 /* ViewController.swift */ = {isa = PBXFileReference; lastKnownFileType = sourcecode.swift; path = ViewController.swift; sourceTree = "<group>"; };
		10BCDA471CA9DE6900764884 /* Base */ = {isa = PBXFileReference; lastKnownFileType = file.storyboard; name = Base; path = Base.lproj/Main.storyboard; sourceTree = "<group>"; };
		10BCDA491CA9DE6900764884 /* Assets.xcassets */ = {isa = PBXFileReference; lastKnownFileType = folder.assetcatalog; path = Assets.xcassets; sourceTree = "<group>"; };
		10BCDA4C1CA9DE6900764884 /* Base */ = {isa = PBXFileReference; lastKnownFileType = file.storyboard; name = Base; path = Base.lproj/LaunchScreen.storyboard; sourceTree = "<group>"; };
		10BCDA4E1CA9DE6900764884 /* Info.plist */ = {isa = PBXFileReference; lastKnownFileType = text.plist.xml; path = Info.plist; sourceTree = "<group>"; };
/* End PBXFileReference section */

/* Begin PBXFrameworksBuildPhase section */
		10BCDA3C1CA9DE6900764884 /* Frameworks */ = {
			isa = PBXFrameworksBuildPhase;
			buildActionMask = 2147483647;
			files = (
			);
			runOnlyForDeploymentPostprocessing = 0;
		};
/* End PBXFrameworksBuildPhase section */

/* Begin PBXGroup section */
		104C40FA1CAA0B4F003B38C3 /* Maps */ = {
			isa = PBXGroup;
			children = (
				104C40F81CAA01FA003B38C3 /* mapsViewController.swift */,
				104C40FB1CAA0B6B003B38C3 /* pdfCampusMapViewController.swift */,
				104C40FD1CAA0C00003B38C3 /* campusMap.pdf */,
			);
			name = Maps;
			sourceTree = "<group>";
		};
		104C40FF1CAA1047003B38C3 /* Library */ = {
			isa = PBXGroup;
			children = (
				104C41001CAA105A003B38C3 /* libraryViewController.swift */,
			);
			name = Library;
			sourceTree = "<group>";
		};
		10BCDA361CA9DE6900764884 = {
			isa = PBXGroup;
			children = (
				10BCDA411CA9DE6900764884 /* SMC */,
				10BCDA401CA9DE6900764884 /* Products */,
			);
			sourceTree = "<group>";
		};
		10BCDA401CA9DE6900764884 /* Products */ = {
			isa = PBXGroup;
			children = (
				10BCDA3F1CA9DE6900764884 /* SMC.app */,
			);
			name = Products;
			sourceTree = "<group>";
		};
		10BCDA411CA9DE6900764884 /* SMC */ = {
			isa = PBXGroup;
			children = (
				10BCDA421CA9DE6900764884 /* AppDelegate.swift */,
				104C40FF1CAA1047003B38C3 /* Library */,
				10BCDA441CA9DE6900764884 /* ViewController.swift */,
				104C40FA1CAA0B4F003B38C3 /* Maps */,
				10BCDA461CA9DE6900764884 /* Main.storyboard */,
				10BCDA491CA9DE6900764884 /* Assets.xcassets */,
				10BCDA4B1CA9DE6900764884 /* LaunchScreen.storyboard */,
				10BCDA4E1CA9DE6900764884 /* Info.plist */,
			);
			path = SMC;
			sourceTree = "<group>";
		};
/* End PBXGroup section */

/* Begin PBXNativeTarget section */
		10BCDA3E1CA9DE6900764884 /* SMC */ = {
			isa = PBXNativeTarget;
			buildConfigurationList = 10BCDA511CA9DE6900764884 /* Build configuration list for PBXNativeTarget "SMC" */;
			buildPhases = (
				10BCDA3B1CA9DE6900764884 /* Sources */,
				10BCDA3C1CA9DE6900764884 /* Frameworks */,
				10BCDA3D1CA9DE6900764884 /* Resources */,
			);
			buildRules = (
			);
			dependencies = (
			);
			name = SMC;
			productName = SMC;
			productReference = 10BCDA3F1CA9DE6900764884 /* SMC.app */;
			productType = "com.apple.product-type.application";
		};
/* End PBXNativeTarget section */

/* Begin PBXProject section */
		10BCDA371CA9DE6900764884 /* Project object */ = {
			isa = PBXProject;
			attributes = {
				LastSwiftUpdateCheck = 0730;
				LastUpgradeCheck = 0730;
				ORGANIZATIONNAME = www.ssanjay.com;
				TargetAttributes = {
					10BCDA3E1CA9DE6900764884 = {
						CreatedOnToolsVersion = 7.3;
					};
				};
			};
			buildConfigurationList = 10BCDA3A1CA9DE6900764884 /* Build configuration list for PBXProject "SMC" */;
			compatibilityVersion = "Xcode 3.2";
			developmentRegion = English;
			hasScannedForEncodings = 0;
			knownRegions = (
				en,
				Base,
			);
			mainGroup = 10BCDA361CA9DE6900764884;
			productRefGroup = 10BCDA401CA9DE6900764884 /* Products */;
			projectDirPath = "";
			projectRoot = "";
			targets = (
				10BCDA3E1CA9DE6900764884 /* SMC */,
			);
		};
/* End PBXProject section */

/* Begin PBXResourcesBuildPhase section */
		10BCDA3D1CA9DE6900764884 /* Resources */ = {
			isa = PBXResourcesBuildPhase;
			buildActionMask = 2147483647;
			files = (
				104C40FE1CAA0C00003B38C3 /* campusMap.pdf in Resources */,
				10BCDA4D1CA9DE6900764884 /* LaunchScreen.storyboard in Resources */,
				10BCDA4A1CA9DE6900764884 /* Assets.xcassets in Resources */,
				10BCDA481CA9DE6900764884 /* Main.storyboard in Resources */,
			);
			runOnlyForDeploymentPostprocessing = 0;
		};
/* End PBXResourcesBuildPhase section */

/* Begin PBXSourcesBuildPhase section */
		10BCDA3B1CA9DE6900764884 /* Sources */ = {
			isa = PBXSourcesBuildPhase;
			buildActionMask = 2147483647;
			files = (
				10BCDA451CA9DE6900764884 /* ViewController.swift in Sources */,
				10BCDA431CA9DE6900764884 /* AppDelegate.swift in Sources */,
				104C41011CAA105A003B38C3 /* libraryViewController.swift in Sources */,
				104C40FC1CAA0B6B003B38C3 /* pdfCampusMapViewController.swift in Sources */,
				104C40F91CAA01FA003B38C3 /* mapsViewController.swift in Sources */,
			);
			runOnlyForDeploymentPostprocessing = 0;
		};
/* End PBXSourcesBuildPhase section */

/* Begin PBXVariantGroup section */
		10BCDA461CA9DE6900764884 /* Main.storyboard */ = {
			isa = PBXVariantGroup;
			children = (
				10BCDA471CA9DE6900764884 /* Base */,
			);
			name = Main.storyboard;
			sourceTree = "<group>";
		};
		10BCDA4B1CA9DE6900764884 /* LaunchScreen.storyboard */ = {
			isa = PBXVariantGroup;
			children = (
				10BCDA4C1CA9DE6900764884 /* Base */,
			);
			name = LaunchScreen.storyboard;
			sourceTree = "<group>";
		};
/* End PBXVariantGroup section */

/* Begin XCBuildConfiguration section */
		10BCDA4F1CA9DE6900764884 /* Debug */ = {
			isa = XCBuildConfiguration;
			buildSettings = {
				ALWAYS_SEARCH_USER_PATHS = NO;
				CLANG_ANALYZER_NONNULL = YES;
				CLANG_CXX_LANGUAGE_STANDARD = "gnu++0x";
				CLANG_CXX_LIBRARY = "libc++";
				CLANG_ENABLE_MODULES = YES;
				CLANG_ENABLE_OBJC_ARC = YES;
				CLANG_WARN_BOOL_CONVERSION = YES;
				CLANG_WARN_CONSTANT_CONVERSION = YES;
				CLANG_WARN_DIRECT_OBJC_ISA_USAGE = YES_ERROR;
				CLANG_WARN_EMPTY_BODY = YES;
				CLANG_WARN_ENUM_CONVERSION = YES;
				CLANG_WARN_INT_CONVERSION = YES;
				CLANG_WARN_OBJC_ROOT_CLASS = YES_ERROR;
				CLANG_WARN_UNREACHABLE_CODE = YES;
				CLANG_WARN__DUPLICATE_METHOD_MATCH = YES;
				"CODE_SIGN_IDENTITY[sdk=iphoneos*]" = "iPhone Developer";
				COPY_PHASE_STRIP = NO;
				DEBUG_INFORMATION_FORMAT = dwarf;
				ENABLE_STRICT_OBJC_MSGSEND = YES;
				ENABLE_TESTABILITY = YES;
				GCC_C_LANGUAGE_STANDARD = gnu99;
				GCC_DYNAMIC_NO_PIC = NO;
				GCC_NO_COMMON_BLOCKS = YES;
				GCC_OPTIMIZATION_LEVEL = 0;
				GCC_PREPROCESSOR_DEFINITIONS = (
					"DEBUG=1",
					"$(inherited)",
				);
				GCC_WARN_64_TO_32_BIT_CONVERSION = YES;
				GCC_WARN_ABOUT_RETURN_TYPE = YES_ERROR;
				GCC_WARN_UNDECLARED_SELECTOR = YES;
				GCC_WARN_UNINITIALIZED_AUTOS = YES_AGGRESSIVE;
				GCC_WARN_UNUSED_FUNCTION = YES;
				GCC_WARN_UNUSED_VARIABLE = YES;
				IPHONEOS_DEPLOYMENT_TARGET = 9.3;
				MTL_ENABLE_DEBUG_INFO = YES;
				ONLY_ACTIVE_ARCH = YES;
				SDKROOT = iphoneos;
				SWIFT_OPTIMIZATION_LEVEL = "-Onone";
			};
			name = Debug;
		};
		10BCDA501CA9DE6900764884 /* Release */ = {
			isa = XCBuildConfiguration;
			buildSettings = {
				ALWAYS_SEARCH_USER_PATHS = NO;
				CLANG_ANALYZER_NONNULL = YES;
				CLANG_CXX_LANGUAGE_STANDARD = "gnu++0x";
				CLANG_CXX_LIBRARY = "libc++";
				CLANG_ENABLE_MODULES = YES;
				CLANG_ENABLE_OBJC_ARC = YES;
				CLANG_WARN_BOOL_CONVERSION = YES;
				CLANG_WARN_CONSTANT_CONVERSION = YES;
				CLANG_WARN_DIRECT_OBJC_ISA_USAGE = YES_ERROR;
				CLANG_WARN_EMPTY_BODY = YES;
				CLANG_WARN_ENUM_CONVERSION = YES;
				CLANG_WARN_INT_CONVERSION = YES;
				CLANG_WARN_OBJC_ROOT_CLASS = YES_ERROR;
				CLANG_WARN_UNREACHABLE_CODE = YES;
				CLANG_WARN__DUPLICATE_METHOD_MATCH = YES;
				"CODE_SIGN_IDENTITY[sdk=iphoneos*]" = "iPhone Developer";
				COPY_PHASE_STRIP = NO;
				DEBUG_INFORMATION_FORMAT = "dwarf-with-dsym";
				ENABLE_NS_ASSERTIONS = NO;
				ENABLE_STRICT_OBJC_MSGSEND = YES;
				GCC_C_LANGUAGE_STANDARD = gnu99;
				GCC_NO_COMMON_BLOCKS = YES;
				GCC_WARN_64_TO_32_BIT_CONVERSION = YES;
				GCC_WARN_ABOUT_RETURN_TYPE = YES_ERROR;
				GCC_WARN_UNDECLARED_SELECTOR = YES;
				GCC_WARN_UNINITIALIZED_AUTOS = YES_AGGRESSIVE;
				GCC_WARN_UNUSED_FUNCTION = YES;
				GCC_WARN_UNUSED_VARIABLE = YES;
				IPHONEOS_DEPLOYMENT_TARGET = 9.3;
				MTL_ENABLE_DEBUG_INFO = NO;
				SDKROOT = iphoneos;
				VALIDATE_PRODUCT = YES;
			};
			name = Release;
		};
		10BCDA521CA9DE6900764884 /* Debug */ = {
			isa = XCBuildConfiguration;
			buildSettings = {
				ASSETCATALOG_COMPILER_APPICON_NAME = AppIcon;
				INFOPLIST_FILE = SMC/Info.plist;
				LD_RUNPATH_SEARCH_PATHS = "$(inherited) @executable_path/Frameworks";
				PRODUCT_BUNDLE_IDENTIFIER = "St-Marys.SMC";
				PRODUCT_NAME = "$(TARGET_NAME)";
				TARGETED_DEVICE_FAMILY = "1,2";
			};
			name = Debug;
		};
		10BCDA531CA9DE6900764884 /* Release */ = {
			isa = XCBuildConfiguration;
			buildSettings = {
				ASSETCATALOG_COMPILER_APPICON_NAME = AppIcon;
				INFOPLIST_FILE = SMC/Info.plist;
				LD_RUNPATH_SEARCH_PATHS = "$(inherited) @executable_path/Frameworks";
				PRODUCT_BUNDLE_IDENTIFIER = "St-Marys.SMC";
				PRODUCT_NAME = "$(TARGET_NAME)";
				TARGETED_DEVICE_FAMILY = "1,2";
			};
			name = Release;
		};
/* End XCBuildConfiguration section */

/* Begin XCConfigurationList section */
		10BCDA3A1CA9DE6900764884 /* Build configuration list for PBXProject "SMC" */ = {
			isa = XCConfigurationList;
			buildConfigurations = (
				10BCDA4F1CA9DE6900764884 /* Debug */,
				10BCDA501CA9DE6900764884 /* Release */,
			);
			defaultConfigurationIsVisible = 0;
			defaultConfigurationName = Release;
		};
		10BCDA511CA9DE6900764884 /* Build configuration list for PBXNativeTarget "SMC" */ = {
			isa = XCConfigurationList;
			buildConfigurations = (
				10BCDA521CA9DE6900764884 /* Debug */,
				10BCDA531CA9DE6900764884 /* Release */,
			);
			defaultConfigurationIsVisible = 0;
			defaultConfigurationName = Release;
		};
/* End XCConfigurationList section */
	};
	rootObject = 10BCDA371CA9DE6900764884 /* Project object */;
}
